
Microsoft Visual Studio Solution File, Format Version 12.00
# Visual Studio Version 17
VisualStudioVersion = 17.11.35208.52
MinimumVisualStudioVersion = 10.0.40219.1
Project("{FAE04EC0-301F-11D3-BF4B-00C04F79EFBC}") = "ConversionesDeMoneda", "ConversionesDeMoneda\ConversionesDeMoneda.csproj", "{42798E38-AF27-48B1-BFA9-F83E06AFE333}"
EndProject
Global
	GlobalSection(SolutionConfigurationPlatforms) = preSolution
		Debug|Any CPU = Debug|Any CPU
		Release|Any CPU = Release|Any CPU
	EndGlobalSection
	GlobalSection(ProjectConfigurationPlatforms) = postSolution
		{42798E38-AF27-48B1-BFA9-F83E06AFE333}.Debug|Any CPU.ActiveCfg = Debug|Any CPU
		{42798E38-AF27-48B1-BFA9-F83E06AFE333}.Debug|Any CPU.Build.0 = Debug|Any CPU
		{42798E38-AF27-48B1-BFA9-F83E06AFE333}.Release|Any CPU.ActiveCfg = Release|Any CPU
		{42798E38-AF27-48B1-BFA9-F83E06AFE333}.Release|Any CPU.Build.0 = Release|Any CPU
	EndGlobalSection
	GlobalSection(SolutionProperties) = preSolution
		HideSolutionNode = FALSE
	EndGlobalSection
	GlobalSection(ExtensibilityGlobals) = postSolution
		SolutionGuid = {66805771-CFEC-4432-930F-8E451A41B863}
	EndGlobalSection
EndGlobal
